
Microsoft Visual Studio Solution File, Format Version 12.00
# Visual Studio Version 16
VisualStudioVersion = 16.0.33920.266
MinimumVisualStudioVersion = 10.0.40219.1
Project("{FAE04EC0-301F-11D3-BF4B-00C04F79EFBC}") = "ConsoleApp1", "ConsoleApp1.csproj", "{B778F861-C035-4288-A59A-7DF90FD04389}"
EndProject
Global
	GlobalSection(SolutionConfigurationPlatforms) = preSolution
		Debug|Any CPU = Debug|Any CPU
		Release|Any CPU = Release|Any CPU
	EndGlobalSection
	GlobalSection(ProjectConfigurationPlatforms) = postSolution
		{B778F861-C035-4288-A59A-7DF90FD04389}.Debug|Any CPU.ActiveCfg = Debug|Any CPU
		{B778F861-C035-4288-A59A-7DF90FD04389}.Debug|Any CPU.Build.0 = Debug|Any CPU
		{B778F861-C035-4288-A59A-7DF90FD04389}.Release|Any CPU.ActiveCfg = Release|Any CPU
		{B778F861-C035-4288-A59A-7DF90FD04389}.Release|Any CPU.Build.0 = Release|Any CPU
	EndGlobalSection
	GlobalSection(SolutionProperties) = preSolution
		HideSolutionNode = FALSE
	EndGlobalSection
	GlobalSection(ExtensibilityGlobals) = postSolution
		SolutionGuid = {ADF85088-4D18-41A0-A9B5-57441FF89839}
	EndGlobalSection
EndGlobal
